hash: 483397929b57f7d24ceb41ca63109f1cc967e03511f0bc997dcf44a2664064eb
updated: 2016-11-05T11:28:50.7010457+08:00
imports:
- name: github.com/codegangsta/cli
  version: d86a009f5e13f83df65d0d6cee9a2e3f1445f0da
- name: github.com/Masterminds/semver
  version: 05d8cdb8a3903439294f8b09561cb72784cb521b
- name: github.com/Masterminds/vcs
  version: cff893e7f9fc3999fe4f1f50f5b504beb67e1164
- name: gopkg.in/yaml.v2
  version: a5b47d31c556af34a302ce5d659e6fea44d90de0
testImports: []
